
Microsoft Visual Studio Solution File, Format Version 12.00
# Visual Studio Version 17
VisualStudioVersion = 17.9.34714.143
MinimumVisualStudioVersion = 10.0.40219.1
Project("{FAE04EC0-301F-11D3-BF4B-00C04F79EFBC}") = "20240326-server", "20240326-server\20240326-server.csproj", "{64661DA9-1A42-4888-8EF9-1821FB82F568}"
EndProject
Global
	GlobalSection(SolutionConfigurationPlatforms) = preSolution
		Debug|Any CPU = Debug|Any CPU
		Release|Any CPU = Release|Any CPU
	EndGlobalSection
	GlobalSection(ProjectConfigurationPlatforms) = postSolution
		{64661DA9-1A42-4888-8EF9-1821FB82F568}.Debug|Any CPU.ActiveCfg = Debug|Any CPU
		{64661DA9-1A42-4888-8EF9-1821FB82F568}.Debug|Any CPU.Build.0 = Debug|Any CPU
		{64661DA9-1A42-4888-8EF9-1821FB82F568}.Release|Any CPU.ActiveCfg = Release|Any CPU
		{64661DA9-1A42-4888-8EF9-1821FB82F568}.Release|Any CPU.Build.0 = Release|Any CPU
	EndGlobalSection
	GlobalSection(SolutionProperties) = preSolution
		HideSolutionNode = FALSE
	EndGlobalSection
	GlobalSection(ExtensibilityGlobals) = postSolution
		SolutionGuid = {5880432E-590A-4B8A-A103-AF7E9CC57830}
	EndGlobalSection
EndGlobal
